// !$*UTF8*$!
{
	archiveVersion = 1;
	classes = {
	};
	objectVersion = 46;
	objects = {

/* Begin PBXBuildFile section */
		9E2077D91DF7214800B554B3 /* main.m in Sources */ = {isa = PBXBuildFile; fileRef = 9E2077D81DF7214800B554B3 /* main.m */; };
		9E2077DC1DF7214800B554B3 /* AppDelegate.m in Sources */ = {isa = PBXBuildFile; fileRef = 9E2077DB1DF7214800B554B3 /* AppDelegate.m */; };
		9E2077DF1DF7214800B554B3 /* ViewController.m in Sources */ = {isa = PBXBuildFile; fileRef = 9E2077DE1DF7214800B554B3 /* ViewController.m */; };
		9E2077E21DF7214800B554B3 /* Main.storyboard in Resources */ = {isa = PBXBuildFile; fileRef = 9E2077E01DF7214800B554B3 /* Main.storyboard */; };
		9E2077E51DF7214800B554B3 /* Pirate_Adventure.xcdatamodeld in Sources */ = {isa = PBXBuildFile; fileRef = 9E2077E31DF7214800B554B3 /* Pirate_Adventure.xcdatamodeld */; };
		9E2077E71DF7214800B554B3 /* Assets.xcassets in Resources */ = {isa = PBXBuildFile; fileRef = 9E2077E61DF7214800B554B3 /* Assets.xcassets */; };
		9E2077EA1DF7214800B554B3 /* LaunchScreen.storyboard in Resources */ = {isa = PBXBuildFile; fileRef = 9E2077E81DF7214800B554B3 /* LaunchScreen.storyboard */; };
		9E74C82F1DF95A8200C4955F /* Armor.m in Sources */ = {isa = PBXBuildFile; fileRef = 9E74C82B1DF95A8200C4955F /* Armor.m */; };
		9E74C8301DF95A8200C4955F /* Character.m in Sources */ = {isa = PBXBuildFile; fileRef = 9E74C82C1DF95A8200C4955F /* Character.m */; };
		9E74C8321DF95A8200C4955F /* Weapon.m in Sources */ = {isa = PBXBuildFile; fileRef = 9E74C82E1DF95A8200C4955F /* Weapon.m */; };
		9E74C8341DF95AA900C4955F /* Tile.m in Sources */ = {isa = PBXBuildFile; fileRef = 9E74C8331DF95AA900C4955F /* Tile.m */; };
		9E74C8371DF9677300C4955F /* Boss.m in Sources */ = {isa = PBXBuildFile; fileRef = 9E74C8361DF9677300C4955F /* Boss.m */; };
		9E9876691DF858320035A512 /* Factory.m in Sources */ = {isa = PBXBuildFile; fileRef = 9E9876681DF858320035A512 /* Factory.m */; };
		9E98769D1DF91A7A0035A512 /* image02.png in Resources */ = {isa = PBXBuildFile; fileRef = 9E98769C1DF91A7A0035A512 /* image02.png */; };
		9E9876AA1DF93C9E0035A512 /* PirateBlacksmith.png in Resources */ = {isa = PBXBuildFile; fileRef = 9E98769E1DF93C9E0035A512 /* PirateBlacksmith.png */; };
		9E9876AB1DF93C9E0035A512 /* PiratePlank.jpg in Resources */ = {isa = PBXBuildFile; fileRef = 9E98769F1DF93C9E0035A512 /* PiratePlank.jpg */; };
		9E9876AC1DF93C9E0035A512 /* PirateBoss.png in Resources */ = {isa = PBXBuildFile; fileRef = 9E9876A01DF93C9E0035A512 /* PirateBoss.png */; };
		9E9876AD1DF93C9E0035A512 /* PirateStart.jpg in Resources */ = {isa = PBXBuildFile; fileRef = 9E9876A11DF93C9E0035A512 /* PirateStart.jpg */; };
		9E9876AE1DF93C9E0035A512 /* PirateTreasure2.jpg in Resources */ = {isa = PBXBuildFile; fileRef = 9E9876A21DF93C9E0035A512 /* PirateTreasure2.jpg */; };
		9E9876AF1DF93C9E0035A512 /* PirateWeapon.png in Resources */ = {isa = PBXBuildFile; fileRef = 9E9876A31DF93C9E0035A512 /* PirateWeapon.png */; };
		9E9876B01DF93C9E0035A512 /* PirateShipBattle.jpg in Resources */ = {isa = PBXBuildFile; fileRef = 9E9876A41DF93C9E0035A512 /* PirateShipBattle.jpg */; };
		9E9876B11DF93C9E0035A512 /* PirateTresure.png in Resources */ = {isa = PBXBuildFile; fileRef = 9E9876A51DF93C9E0035A512 /* PirateTresure.png */; };
		9E9876B21DF93C9E0035A512 /* PirateFriendlyDock.png in Resources */ = {isa = PBXBuildFile; fileRef = 9E9876A61DF93C9E0035A512 /* PirateFriendlyDock.png */; };
		9E9876B31DF93C9E0035A512 /* PirateOctopusAttack.png in Resources */ = {isa = PBXBuildFile; fileRef = 9E9876A71DF93C9E0035A512 /* PirateOctopusAttack.png */; };
		9E9876B41DF93C9E0035A512 /* PirateAttack.jpg in Resources */ = {isa = PBXBuildFile; fileRef = 9E9876A81DF93C9E0035A512 /* PirateAttack.jpg */; };
		9E9876B51DF93C9E0035A512 /* PirateParrot.jpg in Resources */ = {isa = PBXBuildFile; fileRef = 9E9876A91DF93C9E0035A512 /* PirateParrot.jpg */; };
/* End PBXBuildFile section */

/* Begin PBXFileReference section */
		9E2077D41DF7214800B554B3 /* Pirate Adventure.app */ = {isa = PBXFileReference; explicitFileType = wrapper.application; includeInIndex = 0; path = "Pirate Adventure.app"; sourceTree = BUILT_PRODUCTS_DIR; };
		9E2077D81DF7214800B554B3 /* main.m */ = {isa = PBXFileReference; lastKnownFileType = sourcecode.c.objc; path = main.m; sourceTree = "<group>"; };
		9E2077DA1DF7214800B554B3 /* AppDelegate.h */ = {isa = PBXFileReference; lastKnownFileType = sourcecode.c.h; path = AppDelegate.h; sourceTree = "<group>"; };
		9E2077DB1DF7214800B554B3 /* AppDelegate.m */ = {isa = PBXFileReference; lastKnownFileType = sourcecode.c.objc; path = AppDelegate.m; sourceTree = "<group>"; };
		9E2077DD1DF7214800B554B3 /* ViewController.h */ = {isa = PBXFileReference; lastKnownFileType = sourcecode.c.h; path = ViewController.h; sourceTree = "<group>"; };
		9E2077DE1DF7214800B554B3 /* ViewController.m */ = {isa = PBXFileReference; lastKnownFileType = sourcecode.c.objc; path = ViewController.m; sourceTree = "<group>"; };
		9E2077E11DF7214800B554B3 /* Base */ = {isa = PBXFileReference; lastKnownFileType = file.storyboard; name = Base; path = Base.lproj/Main.storyboard; sourceTree = "<group>"; };
		9E2077E41DF7214800B554B3 /* Pirate_Adventure.xcdatamodel */ = {isa = PBXFileReference; lastKnownFileType = wrapper.xcdatamodel; path = Pirate_Adventure.xcdatamodel; sourceTree = "<group>"; };
		9E2077E61DF7214800B554B3 /* Assets.xcassets */ = {isa = PBXFileReference; lastKnownFileType = folder.assetcatalog; path = Assets.xcassets; sourceTree = "<group>"; };
		9E2077E91DF7214800B554B3 /* Base */ = {isa = PBXFileReference; lastKnownFileType = file.storyboard; name = Base; path = Base.lproj/LaunchScreen.storyboard; sourceTree = "<group>"; };
		9E2077EB1DF7214800B554B3 /* Info.plist */ = {isa = PBXFileReference; lastKnownFileType = text.plist.xml; path = Info.plist; sourceTree = "<group>"; };
		9E74C82B1DF95A8200C4955F /* Armor.m */ = {isa = PBXFileReference; fileEncoding = 4; lastKnownFileType = sourcecode.c.objc; path = Armor.m; sourceTree = "<group>"; };
		9E74C82C1DF95A8200C4955F /* Character.m */ = {isa = PBXFileReference; fileEncoding = 4; lastKnownFileType = sourcecode.c.objc; path = Character.m; sourceTree = "<group>"; };
		9E74C82E1DF95A8200C4955F /* Weapon.m */ = {isa = PBXFileReference; fileEncoding = 4; lastKnownFileType = sourcecode.c.objc; path = Weapon.m; sourceTree = "<group>"; };
		9E74C8331DF95AA900C4955F /* Tile.m */ = {isa = PBXFileReference; fileEncoding = 4; lastKnownFileType = sourcecode.c.objc; path = Tile.m; sourceTree = "<group>"; };
		9E74C8351DF9677300C4955F /* Boss.h */ = {isa = PBXFileReference; fileEncoding = 4; lastKnownFileType = sourcecode.c.h; path = Boss.h; sourceTree = "<group>"; };
		9E74C8361DF9677300C4955F /* Boss.m */ = {isa = PBXFileReference; fileEncoding = 4; lastKnownFileType = sourcecode.c.objc; path = Boss.m; sourceTree = "<group>"; };
		9E9876631DF8573C0035A512 /* Tile.h */ = {isa = PBXFileReference; fileEncoding = 4; lastKnownFileType = sourcecode.c.h; path = Tile.h; sourceTree = "<group>"; };
		9E9876671DF858320035A512 /* Factory.h */ = {isa = PBXFileReference; fileEncoding = 4; lastKnownFileType = sourcecode.c.h; path = Factory.h; sourceTree = "<group>"; };
		9E9876681DF858320035A512 /* Factory.m */ = {isa = PBXFileReference; fileEncoding = 4; lastKnownFileType = sourcecode.c.objc; path = Factory.m; sourceTree = "<group>"; };
		9E9876931DF90AA60035A512 /* Weapon.h */ = {isa = PBXFileReference; fileEncoding = 4; lastKnownFileType = sourcecode.c.h; path = Weapon.h; sourceTree = "<group>"; };
		9E9876961DF90AF30035A512 /* Armor.h */ = {isa = PBXFileReference; fileEncoding = 4; lastKnownFileType = sourcecode.c.h; path = Armor.h; sourceTree = "<group>"; };
		9E9876991DF90CFD0035A512 /* Character.h */ = {isa = PBXFileReference; fileEncoding = 4; lastKnownFileType = sourcecode.c.h; path = Character.h; sourceTree = "<group>"; };
		9E98769C1DF91A7A0035A512 /* image02.png */ = {isa = PBXFileReference; lastKnownFileType = image.png; path = image02.png; sourceTree = "<group>"; };
		9E98769E1DF93C9E0035A512 /* PirateBlacksmith.png */ = {isa = PBXFileReference; lastKnownFileType = image.png; path = PirateBlacksmith.png; sourceTree = "<group>"; };
		9E98769F1DF93C9E0035A512 /* PiratePlank.jpg */ = {isa = PBXFileReference; lastKnownFileType = image.jpeg; path = PiratePlank.jpg; sourceTree = "<group>"; };
		9E9876A01DF93C9E0035A512 /* PirateBoss.png */ = {isa = PBXFileReference; lastKnownFileType = image.png; path = PirateBoss.png; sourceTree = "<group>"; };
		9E9876A11DF93C9E0035A512 /* PirateStart.jpg */ = {isa = PBXFileReference; lastKnownFileType = image.jpeg; path = PirateStart.jpg; sourceTree = "<group>"; };
		9E9876A21DF93C9E0035A512 /* PirateTreasure2.jpg */ = {isa = PBXFileReference; lastKnownFileType = image.jpeg; path = PirateTreasure2.jpg; sourceTree = "<group>"; };
		9E9876A31DF93C9E0035A512 /* PirateWeapon.png */ = {isa = PBXFileReference; lastKnownFileType = image.png; path = PirateWeapon.png; sourceTree = "<group>"; };
		9E9876A41DF93C9E0035A512 /* PirateShipBattle.jpg */ = {isa = PBXFileReference; lastKnownFileType = image.jpeg; path = PirateShipBattle.jpg; sourceTree = "<group>"; };
		9E9876A51DF93C9E0035A512 /* PirateTresure.png */ = {isa = PBXFileReference; lastKnownFileType = image.png; path = PirateTresure.png; sourceTree = "<group>"; };
		9E9876A61DF93C9E0035A512 /* PirateFriendlyDock.png */ = {isa = PBXFileReference; lastKnownFileType = image.png; path = PirateFriendlyDock.png; sourceTree = "<group>"; };
		9E9876A71DF93C9E0035A512 /* PirateOctopusAttack.png */ = {isa = PBXFileReference; lastKnownFileType = image.png; path = PirateOctopusAttack.png; sourceTree = "<group>"; };
		9E9876A81DF93C9E0035A512 /* PirateAttack.jpg */ = {isa = PBXFileReference; lastKnownFileType = image.jpeg; path = PirateAttack.jpg; sourceTree = "<group>"; };
		9E9876A91DF93C9E0035A512 /* PirateParrot.jpg */ = {isa = PBXFileReference; lastKnownFileType = image.jpeg; path = PirateParrot.jpg; sourceTree = "<group>"; };
/* End PBXFileReference section */

/* Begin PBXFrameworksBuildPhase section */
		9E2077D11DF7214800B554B3 /* Frameworks */ = {
			isa = PBXFrameworksBuildPhase;
			buildActionMask = 2147483647;
			files = (
			);
			runOnlyForDeploymentPostprocessing = 0;
		};
/* End PBXFrameworksBuildPhase section */

/* Begin PBXGroup section */
		9E2077CB1DF7214800B554B3 = {
			isa = PBXGroup;
			children = (
				9E2077D61DF7214800B554B3 /* Pirate Adventure */,
				9E2077D51DF7214800B554B3 /* Products */,
			);
			sourceTree = "<group>";
		};
		9E2077D51DF7214800B554B3 /* Products */ = {
			isa = PBXGroup;
			children = (
				9E2077D41DF7214800B554B3 /* Pirate Adventure.app */,
			);
			name = Products;
			sourceTree = "<group>";
		};
		9E2077D61DF7214800B554B3 /* Pirate Adventure */ = {
			isa = PBXGroup;
			children = (
				9E2077DA1DF7214800B554B3 /* AppDelegate.h */,
				9E2077DB1DF7214800B554B3 /* AppDelegate.m */,
				9E2077DD1DF7214800B554B3 /* ViewController.h */,
				9E2077DE1DF7214800B554B3 /* ViewController.m */,
				9E2077E01DF7214800B554B3 /* Main.storyboard */,
				9E2077E61DF7214800B554B3 /* Assets.xcassets */,
				9E2077E81DF7214800B554B3 /* LaunchScreen.storyboard */,
				9E2077EB1DF7214800B554B3 /* Info.plist */,
				9E2077E31DF7214800B554B3 /* Pirate_Adventure.xcdatamodeld */,
				9E9876621DF8571A0035A512 /* Model */,
				9E2077D71DF7214800B554B3 /* Supporting Files */,
			);
			path = "Pirate Adventure";
			sourceTree = "<group>";
		};
		9E2077D71DF7214800B554B3 /* Supporting Files */ = {
			isa = PBXGroup;
			children = (
				9E98769E1DF93C9E0035A512 /* PirateBlacksmith.png */,
				9E98769F1DF93C9E0035A512 /* PiratePlank.jpg */,
				9E9876A01DF93C9E0035A512 /* PirateBoss.png */,
				9E9876A11DF93C9E0035A512 /* PirateStart.jpg */,
				9E9876A21DF93C9E0035A512 /* PirateTreasure2.jpg */,
				9E9876A31DF93C9E0035A512 /* PirateWeapon.png */,
				9E9876A41DF93C9E0035A512 /* PirateShipBattle.jpg */,
				9E9876A51DF93C9E0035A512 /* PirateTresure.png */,
				9E9876A61DF93C9E0035A512 /* PirateFriendlyDock.png */,
				9E9876A71DF93C9E0035A512 /* PirateOctopusAttack.png */,
				9E9876A81DF93C9E0035A512 /* PirateAttack.jpg */,
				9E9876A91DF93C9E0035A512 /* PirateParrot.jpg */,
				9E2077D81DF7214800B554B3 /* main.m */,
				9E98769C1DF91A7A0035A512 /* image02.png */,
			);
			name = "Supporting Files";
			sourceTree = "<group>";
		};
		9E9876621DF8571A0035A512 /* Model */ = {
			isa = PBXGroup;
			children = (
				9E9876661DF858190035A512 /* Factory */,
				9E9876631DF8573C0035A512 /* Tile.h */,
				9E74C8331DF95AA900C4955F /* Tile.m */,
			);
			name = Model;
			sourceTree = "<group>";
		};
		9E9876661DF858190035A512 /* Factory */ = {
			isa = PBXGroup;
			children = (
				9E9876671DF858320035A512 /* Factory.h */,
				9E9876681DF858320035A512 /* Factory.m */,
				9E9876931DF90AA60035A512 /* Weapon.h */,
				9E74C82E1DF95A8200C4955F /* Weapon.m */,
				9E9876961DF90AF30035A512 /* Armor.h */,
				9E74C82B1DF95A8200C4955F /* Armor.m */,
				9E9876991DF90CFD0035A512 /* Character.h */,
				9E74C82C1DF95A8200C4955F /* Character.m */,
				9E74C8351DF9677300C4955F /* Boss.h */,
				9E74C8361DF9677300C4955F /* Boss.m */,
			);
			name = Factory;
			sourceTree = "<group>";
		};
/* End PBXGroup section */

/* Begin PBXNativeTarget section */
		9E2077D31DF7214800B554B3 /* Pirate Adventure */ = {
			isa = PBXNativeTarget;
			buildConfigurationList = 9E2077EE1DF7214800B554B3 /* Build configuration list for PBXNativeTarget "Pirate Adventure" */;
			buildPhases = (
				9E2077D01DF7214800B554B3 /* Sources */,
				9E2077D11DF7214800B554B3 /* Frameworks */,
				9E2077D21DF7214800B554B3 /* Resources */,
			);
			buildRules = (
			);
			dependencies = (
			);
			name = "Pirate Adventure";
			productName = "Pirate Adventure";
			productReference = 9E2077D41DF7214800B554B3 /* Pirate Adventure.app */;
			productType = "com.apple.product-type.application";
		};
/* End PBXNativeTarget section */

/* Begin PBXProject section */
		9E2077CC1DF7214800B554B3 /* Project object */ = {
			isa = PBXProject;
			attributes = {
				LastUpgradeCheck = 0810;
				ORGANIZATIONNAME = "Thum Wei Wah";
				TargetAttributes = {
					9E2077D31DF7214800B554B3 = {
						CreatedOnToolsVersion = 8.1;
						ProvisioningStyle = Automatic;
					};
				};
			};
			buildConfigurationList = 9E2077CF1DF7214800B554B3 /* Build configuration list for PBXProject "Pirate Adventure" */;
			compatibilityVersion = "Xcode 3.2";
			developmentRegion = English;
			hasScannedForEncodings = 0;
			knownRegions = (
				en,
				Base,
			);
			mainGroup = 9E2077CB1DF7214800B554B3;
			productRefGroup = 9E2077D51DF7214800B554B3 /* Products */;
			projectDirPath = "";
			projectRoot = "";
			targets = (
				9E2077D31DF7214800B554B3 /* Pirate Adventure */,
			);
		};
/* End PBXProject section */

/* Begin PBXResourcesBuildPhase section */
		9E2077D21DF7214800B554B3 /* Resources */ = {
			isa = PBXResourcesBuildPhase;
			buildActionMask = 2147483647;
			files = (
				9E2077EA1DF7214800B554B3 /* LaunchScreen.storyboard in Resources */,
				9E9876AD1DF93C9E0035A512 /* PirateStart.jpg in Resources */,
				9E9876AC1DF93C9E0035A512 /* PirateBoss.png in Resources */,
				9E9876B11DF93C9E0035A512 /* PirateTresure.png in Resources */,
				9E2077E71DF7214800B554B3 /* Assets.xcassets in Resources */,
				9E2077E21DF7214800B554B3 /* Main.storyboard in Resources */,
				9E9876B31DF93C9E0035A512 /* PirateOctopusAttack.png in Resources */,
				9E9876AA1DF93C9E0035A512 /* PirateBlacksmith.png in Resources */,
				9E98769D1DF91A7A0035A512 /* image02.png in Resources */,
				9E9876B41DF93C9E0035A512 /* PirateAttack.jpg in Resources */,
				9E9876AB1DF93C9E0035A512 /* PiratePlank.jpg in Resources */,
				9E9876AF1DF93C9E0035A512 /* PirateWeapon.png in Resources */,
				9E9876B51DF93C9E0035A512 /* PirateParrot.jpg in Resources */,
				9E9876B21DF93C9E0035A512 /* PirateFriendlyDock.png in Resources */,
				9E9876AE1DF93C9E0035A512 /* PirateTreasure2.jpg in Resources */,
				9E9876B01DF93C9E0035A512 /* PirateShipBattle.jpg in Resources */,
			);
			runOnlyForDeploymentPostprocessing = 0;
		};
/* End PBXResourcesBuildPhase section */

/* Begin PBXSourcesBuildPhase section */
		9E2077D01DF7214800B554B3 /* Sources */ = {
			isa = PBXSourcesBuildPhase;
			buildActionMask = 2147483647;
			files = (
				9E74C8371DF9677300C4955F /* Boss.m in Sources */,
				9E2077DF1DF7214800B554B3 /* ViewController.m in Sources */,
				9E74C8341DF95AA900C4955F /* Tile.m in Sources */,
				9E74C8301DF95A8200C4955F /* Character.m in Sources */,
				9E2077DC1DF7214800B554B3 /* AppDelegate.m in Sources */,
				9E2077D91DF7214800B554B3 /* main.m in Sources */,
				9E74C82F1DF95A8200C4955F /* Armor.m in Sources */,
				9E74C8321DF95A8200C4955F /* Weapon.m in Sources */,
				9E9876691DF858320035A512 /* Factory.m in Sources */,
				9E2077E51DF7214800B554B3 /* Pirate_Adventure.xcdatamodeld in Sources */,
			);
			runOnlyForDeploymentPostprocessing = 0;
		};
/* End PBXSourcesBuildPhase section */

/* Begin PBXVariantGroup section */
		9E2077E01DF7214800B554B3 /* Main.storyboard */ = {
			isa = PBXVariantGroup;
			children = (
				9E2077E11DF7214800B554B3 /* Base */,
			);
			name = Main.storyboard;
			sourceTree = "<group>";
		};
		9E2077E81DF7214800B554B3 /* LaunchScreen.storyboard */ = {
			isa = PBXVariantGroup;
			children = (
				9E2077E91DF7214800B554B3 /* Base */,
			);
			name = LaunchScreen.storyboard;
			sourceTree = "<group>";
		};
/* End PBXVariantGroup section */

/* Begin XCBuildConfiguration section */
		9E2077EC1DF7214800B554B3 /* Debug */ = {
			isa = XCBuildConfiguration;
			buildSettings = {
				ALWAYS_SEARCH_USER_PATHS = NO;
				CLANG_ANALYZER_NONNULL = YES;
				CLANG_CXX_LANGUAGE_STANDARD = "gnu++0x";
				CLANG_CXX_LIBRARY = "libc++";
				CLANG_ENABLE_MODULES = YES;
				CLANG_ENABLE_OBJC_ARC = YES;
				CLANG_WARN_BOOL_CONVERSION = YES;
				CLANG_WARN_CONSTANT_CONVERSION = YES;
				CLANG_WARN_DIRECT_OBJC_ISA_USAGE = YES_ERROR;
				CLANG_WARN_DOCUMENTATION_COMMENTS = YES;
				CLANG_WARN_EMPTY_BODY = YES;
				CLANG_WARN_ENUM_CONVERSION = YES;
				CLANG_WARN_INFINITE_RECURSION = YES;
				CLANG_WARN_INT_CONVERSION = YES;
				CLANG_WARN_OBJC_ROOT_CLASS = YES_ERROR;
				CLANG_WARN_SUSPICIOUS_MOVES = YES;
				CLANG_WARN_UNREACHABLE_CODE = YES;
				CLANG_WARN__DUPLICATE_METHOD_MATCH = YES;
				"CODE_SIGN_IDENTITY[sdk=iphoneos*]" = "iPhone Developer";
				COPY_PHASE_STRIP = NO;
				DEBUG_INFORMATION_FORMAT = dwarf;
				ENABLE_STRICT_OBJC_MSGSEND = YES;
				ENABLE_TESTABILITY = YES;
				GCC_C_LANGUAGE_STANDARD = gnu99;
				GCC_DYNAMIC_NO_PIC = NO;
				GCC_NO_COMMON_BLOCKS = YES;
				GCC_OPTIMIZATION_LEVEL = 0;
				GCC_PREPROCESSOR_DEFINITIONS = (
					"DEBUG=1",
					"$(inherited)",
				);
				GCC_WARN_64_TO_32_BIT_CONVERSION = YES;
				GCC_WARN_ABOUT_RETURN_TYPE = YES_ERROR;
				GCC_WARN_UNDECLARED_SELECTOR = YES;
				GCC_WARN_UNINITIALIZED_AUTOS = YES_AGGRESSIVE;
				GCC_WARN_UNUSED_FUNCTION = YES;
				GCC_WARN_UNUSED_VARIABLE = YES;
				IPHONEOS_DEPLOYMENT_TARGET = 10.1;
				MTL_ENABLE_DEBUG_INFO = YES;
				ONLY_ACTIVE_ARCH = YES;
				SDKROOT = iphoneos;
				TARGETED_DEVICE_FAMILY = "1,2";
			};
			name = Debug;
		};
		9E2077ED1DF7214800B554B3 /* Release */ = {
			isa = XCBuildConfiguration;
			buildSettings = {
				ALWAYS_SEARCH_USER_PATHS = NO;
				CLANG_ANALYZER_NONNULL = YES;
				CLANG_CXX_LANGUAGE_STANDARD = "gnu++0x";
				CLANG_CXX_LIBRARY = "libc++";
				CLANG_ENABLE_MODULES = YES;
				CLANG_ENABLE_OBJC_ARC = YES;
				CLANG_WARN_BOOL_CONVERSION = YES;
				CLANG_WARN_CONSTANT_CONVERSION = YES;
				CLANG_WARN_DIRECT_OBJC_ISA_USAGE = YES_ERROR;
				CLANG_WARN_DOCUMENTATION_COMMENTS = YES;
				CLANG_WARN_EMPTY_BODY = YES;
				CLANG_WARN_ENUM_CONVERSION = YES;
				CLANG_WARN_INFINITE_RECURSION = YES;
				CLANG_WARN_INT_CONVERSION = YES;
				CLANG_WARN_OBJC_ROOT_CLASS = YES_ERROR;
				CLANG_WARN_SUSPICIOUS_MOVES = YES;
				CLANG_WARN_UNREACHABLE_CODE = YES;
				CLANG_WARN__DUPLICATE_METHOD_MATCH = YES;
				"CODE_SIGN_IDENTITY[sdk=iphoneos*]" = "iPhone Developer";
				COPY_PHASE_STRIP = NO;
				DEBUG_INFORMATION_FORMAT = "dwarf-with-dsym";
				ENABLE_NS_ASSERTIONS = NO;
				ENABLE_STRICT_OBJC_MSGSEND = YES;
				GCC_C_LANGUAGE_STANDARD = gnu99;
				GCC_NO_COMMON_BLOCKS = YES;
				GCC_WARN_64_TO_32_BIT_CONVERSION = YES;
				GCC_WARN_ABOUT_RETURN_TYPE = YES_ERROR;
				GCC_WARN_UNDECLARED_SELECTOR = YES;
				GCC_WARN_UNINITIALIZED_AUTOS = YES_AGGRESSIVE;
				GCC_WARN_UNUSED_FUNCTION = YES;
				GCC_WARN_UNUSED_VARIABLE = YES;
				IPHONEOS_DEPLOYMENT_TARGET = 10.1;
				MTL_ENABLE_DEBUG_INFO = NO;
				SDKROOT = iphoneos;
				TARGETED_DEVICE_FAMILY = "1,2";
				VALIDATE_PRODUCT = YES;
			};
			name = Release;
		};
		9E2077EF1DF7214800B554B3 /* Debug */ = {
			isa = XCBuildConfiguration;
			buildSettings = {
				ASSETCATALOG_COMPILER_APPICON_NAME = AppIcon;
				INFOPLIST_FILE = "Pirate Adventure/Info.plist";
				LD_RUNPATH_SEARCH_PATHS = "$(inherited) @executable_path/Frameworks";
				PRODUCT_BUNDLE_IDENTIFIER = "test.Pirate-Adventure";
				PRODUCT_NAME = "$(TARGET_NAME)";
			};
			name = Debug;
		};
		9E2077F01DF7214800B554B3 /* Release */ = {
			isa = XCBuildConfiguration;
			buildSettings = {
				ASSETCATALOG_COMPILER_APPICON_NAME = AppIcon;
				INFOPLIST_FILE = "Pirate Adventure/Info.plist";
				LD_RUNPATH_SEARCH_PATHS = "$(inherited) @executable_path/Frameworks";
				PRODUCT_BUNDLE_IDENTIFIER = "test.Pirate-Adventure";
				PRODUCT_NAME = "$(TARGET_NAME)";
			};
			name = Release;
		};
/* End XCBuildConfiguration section */

/* Begin XCConfigurationList section */
		9E2077CF1DF7214800B554B3 /* Build configuration list for PBXProject "Pirate Adventure" */ = {
			isa = XCConfigurationList;
			buildConfigurations = (
				9E2077EC1DF7214800B554B3 /* Debug */,
				9E2077ED1DF7214800B554B3 /* Release */,
			);
			defaultConfigurationIsVisible = 0;
			defaultConfigurationName = Release;
		};
		9E2077EE1DF7214800B554B3 /* Build configuration list for PBXNativeTarget "Pirate Adventure" */ = {
			isa = XCConfigurationList;
			buildConfigurations = (
				9E2077EF1DF7214800B554B3 /* Debug */,
				9E2077F01DF7214800B554B3 /* Release */,
			);
			defaultConfigurationIsVisible = 0;
			defaultConfigurationName = Release;
		};
/* End XCConfigurationList section */

/* Begin XCVersionGroup section */
		9E2077E31DF7214800B554B3 /* Pirate_Adventure.xcdatamodeld */ = {
			isa = XCVersionGroup;
			children = (
				9E2077E41DF7214800B554B3 /* Pirate_Adventure.xcdatamodel */,
			);
			currentVersion = 9E2077E41DF7214800B554B3 /* Pirate_Adventure.xcdatamodel */;
			path = Pirate_Adventure.xcdatamodeld;
			sourceTree = "<group>";
			versionGroupType = wrapper.xcdatamodel;
		};
/* End XCVersionGroup section */
	};
	rootObject = 9E2077CC1DF7214800B554B3 /* Project object */;
}
